
Microsoft Visual Studio Solution File, Format Version 12.00
# Visual Studio 15
VisualStudioVersion = 15.0.28307.271
MinimumVisualStudioVersion = 10.0.40219.1
Project("{FAE04EC0-301F-11D3-BF4B-00C04F79EFBC}") = "Webhook Control", "Webhook Control\Webhook Control.csproj", "{862C5D65-9978-44AB-AFF0-B593575BBF96}"
EndProject
Global
	GlobalSection(SolutionConfigurationPlatforms) = preSolution
		Debug|Any CPU = Debug|Any CPU
		Release|Any CPU = Release|Any CPU
	EndGlobalSection
	GlobalSection(ProjectConfigurationPlatforms) = postSolution
		{862C5D65-9978-44AB-AFF0-B593575BBF96}.Debug|Any CPU.ActiveCfg = Debug|Any CPU
		{862C5D65-9978-44AB-AFF0-B593575BBF96}.Debug|Any CPU.Build.0 = Debug|Any CPU
		{862C5D65-9978-44AB-AFF0-B593575BBF96}.Release|Any CPU.ActiveCfg = Release|Any CPU
		{862C5D65-9978-44AB-AFF0-B593575BBF96}.Release|Any CPU.Build.0 = Release|Any CPU
	EndGlobalSection
	GlobalSection(SolutionProperties) = preSolution
		HideSolutionNode = FALSE
	EndGlobalSection
	GlobalSection(ExtensibilityGlobals) = postSolution
		SolutionGuid = {A827540E-EFB2-40F6-AD2A-612A676387E3}
	EndGlobalSection
EndGlobal
